// !$*UTF8*$!
{
	archiveVersion = 1;
	classes = {
	};
	objectVersion = 46;
	objects = {

/* Begin PBXBuildFile section */
		CB3B18701CFE9E310018A914 /* AppDelegate.swift in Sources */ = {isa = PBXBuildFile; fileRef = CB3B186F1CFE9E310018A914 /* AppDelegate.swift */; };
		CB3B18721CFE9E310018A914 /* ViewController.swift in Sources */ = {isa = PBXBuildFile; fileRef = CB3B18711CFE9E310018A914 /* ViewController.swift */; };
		CB3B18751CFE9E310018A914 /* Main.storyboard in Resources */ = {isa = PBXBuildFile; fileRef = CB3B18731CFE9E310018A914 /* Main.storyboard */; };
		CB3B18771CFE9E310018A914 /* Assets.xcassets in Resources */ = {isa = PBXBuildFile; fileRef = CB3B18761CFE9E310018A914 /* Assets.xcassets */; };
		CB3B187A1CFE9E310018A914 /* LaunchScreen.storyboard in Resources */ = {isa = PBXBuildFile; fileRef = CB3B18781CFE9E310018A914 /* LaunchScreen.storyboard */; };
/* End PBXBuildFile section */

/* Begin PBXFileReference section */
		CB3B186C1CFE9E310018A914 /* BlockInSwift.app */ = {isa = PBXFileReference; explicitFileType = wrapper.application; includeInIndex = 0; path = BlockInSwift.app; sourceTree = BUILT_PRODUCTS_DIR; };
		CB3B186F1CFE9E310018A914 /* AppDelegate.swift */ = {isa = PBXFileReference; lastKnownFileType = sourcecode.swift; path = AppDelegate.swift; sourceTree = "<group>"; };
		CB3B18711CFE9E310018A914 /* ViewController.swift */ = {isa = PBXFileReference; lastKnownFileType = sourcecode.swift; path = ViewController.swift; sourceTree = "<group>"; };
		CB3B18741CFE9E310018A914 /* Base */ = {isa = PBXFileReference; lastKnownFileType = file.storyboard; name = Base; path = Base.lproj/Main.storyboard; sourceTree = "<group>"; };
		CB3B18761CFE9E310018A914 /* Assets.xcassets */ = {isa = PBXFileReference; lastKnownFileType = folder.assetcatalog; path = Assets.xcassets; sourceTree = "<group>"; };
		CB3B18791CFE9E310018A914 /* Base */ = {isa = PBXFileReference; lastKnownFileType = file.storyboard; name = Base; path = Base.lproj/LaunchScreen.storyboard; sourceTree = "<group>"; };
		CB3B187B1CFE9E310018A914 /* Info.plist */ = {isa = PBXFileReference; lastKnownFileType = text.plist.xml; path = Info.plist; sourceTree = "<group>"; };
/* End PBXFileReference section */

/* Begin PBXFrameworksBuildPhase section */
		CB3B18691CFE9E310018A914 /* Frameworks */ = {
			isa = PBXFrameworksBuildPhase;
			buildActionMask = 2147483647;
			files = (
			);
			runOnlyForDeploymentPostprocessing = 0;
		};
/* End PBXFrameworksBuildPhase section */

/* Begin PBXGroup section */
		CB3B18631CFE9E310018A914 = {
			isa = PBXGroup;
			children = (
				CB3B186E1CFE9E310018A914 /* BlockInSwift */,
				CB3B186D1CFE9E310018A914 /* Products */,
			);
			sourceTree = "<group>";
		};
		CB3B186D1CFE9E310018A914 /* Products */ = {
			isa = PBXGroup;
			children = (
				CB3B186C1CFE9E310018A914 /* BlockInSwift.app */,
			);
			name = Products;
			sourceTree = "<group>";
		};
		CB3B186E1CFE9E310018A914 /* BlockInSwift */ = {
			isa = PBXGroup;
			children = (
				CB3B186F1CFE9E310018A914 /* AppDelegate.swift */,
				CB3B18711CFE9E310018A914 /* ViewController.swift */,
				CB3B18731CFE9E310018A914 /* Main.storyboard */,
				CB3B18761CFE9E310018A914 /* Assets.xcassets */,
				CB3B18781CFE9E310018A914 /* LaunchScreen.storyboard */,
				CB3B187B1CFE9E310018A914 /* Info.plist */,
			);
			path = BlockInSwift;
			sourceTree = "<group>";
		};
/* End PBXGroup section */

/* Begin PBXNativeTarget section */
		CB3B186B1CFE9E310018A914 /* BlockInSwift */ = {
			isa = PBXNativeTarget;
			buildConfigurationList = CB3B187E1CFE9E310018A914 /* Build configuration list for PBXNativeTarget "BlockInSwift" */;
			buildPhases = (
				CB3B18681CFE9E310018A914 /* Sources */,
				CB3B18691CFE9E310018A914 /* Frameworks */,
				CB3B186A1CFE9E310018A914 /* Resources */,
			);
			buildRules = (
			);
			dependencies = (
			);
			name = BlockInSwift;
			productName = BlockInSwift;
			productReference = CB3B186C1CFE9E310018A914 /* BlockInSwift.app */;
			productType = "com.apple.product-type.application";
		};
/* End PBXNativeTarget section */

/* Begin PBXProject section */
		CB3B18641CFE9E310018A914 /* Project object */ = {
			isa = PBXProject;
			attributes = {
				LastSwiftUpdateCheck = 0730;
				LastUpgradeCheck = 0800;
				ORGANIZATIONNAME = TuNguyen;
				TargetAttributes = {
					CB3B186B1CFE9E310018A914 = {
						CreatedOnToolsVersion = 7.3;
						LastSwiftMigration = 0800;
					};
				};
			};
			buildConfigurationList = CB3B18671CFE9E310018A914 /* Build configuration list for PBXProject "BlockInSwift" */;
			compatibilityVersion = "Xcode 3.2";
			developmentRegion = English;
			hasScannedForEncodings = 0;
			knownRegions = (
				en,
				Base,
			);
			mainGroup = CB3B18631CFE9E310018A914;
			productRefGroup = CB3B186D1CFE9E310018A914 /* Products */;
			projectDirPath = "";
			projectRoot = "";
			targets = (
				CB3B186B1CFE9E310018A914 /* BlockInSwift */,
			);
		};
/* End PBXProject section */

/* Begin PBXResourcesBuildPhase section */
		CB3B186A1CFE9E310018A914 /* Resources */ = {
			isa = PBXResourcesBuildPhase;
			buildActionMask = 2147483647;
			files = (
				CB3B187A1CFE9E310018A914 /* LaunchScreen.storyboard in Resources */,
				CB3B18771CFE9E310018A914 /* Assets.xcassets in Resources */,
				CB3B18751CFE9E310018A914 /* Main.storyboard in Resources */,
			);
			runOnlyForDeploymentPostprocessing = 0;
		};
/* End PBXResourcesBuildPhase section */

/* Begin PBXSourcesBuildPhase section */
		CB3B18681CFE9E310018A914 /* Sources */ = {
			isa = PBXSourcesBuildPhase;
			buildActionMask = 2147483647;
			files = (
				CB3B18721CFE9E310018A914 /* ViewController.swift in Sources */,
				CB3B18701CFE9E310018A914 /* AppDelegate.swift in Sources */,
			);
			runOnlyForDeploymentPostprocessing = 0;
		};
/* End PBXSourcesBuildPhase section */

/* Begin PBXVariantGroup section */
		CB3B18731CFE9E310018A914 /* Main.storyboard */ = {
			isa = PBXVariantGroup;
			children = (
				CB3B18741CFE9E310018A914 /* Base */,
			);
			name = Main.storyboard;
			sourceTree = "<group>";
		};
		CB3B18781CFE9E310018A914 /* LaunchScreen.storyboard */ = {
			isa = PBXVariantGroup;
			children = (
				CB3B18791CFE9E310018A914 /* Base */,
			);
			name = LaunchScreen.storyboard;
			sourceTree = "<group>";
		};
/* End PBXVariantGroup section */

/* Begin XCBuildConfiguration section */
		CB3B187C1CFE9E310018A914 /* Debug */ = {
			isa = XCBuildConfiguration;
			buildSettings = {
				ALWAYS_SEARCH_USER_PATHS = NO;
				CLANG_ANALYZER_NONNULL = YES;
				CLANG_CXX_LANGUAGE_STANDARD = "gnu++0x";
				CLANG_CXX_LIBRARY = "libc++";
				CLANG_ENABLE_MODULES = YES;
				CLANG_ENABLE_OBJC_ARC = YES;
				CLANG_WARN_BOOL_CONVERSION = YES;
				CLANG_WARN_CONSTANT_CONVERSION = YES;
				CLANG_WARN_DIRECT_OBJC_ISA_USAGE = YES_ERROR;
				CLANG_WARN_EMPTY_BODY = YES;
				CLANG_WARN_ENUM_CONVERSION = YES;
				CLANG_WARN_INFINITE_RECURSION = YES;
				CLANG_WARN_INT_CONVERSION = YES;
				CLANG_WARN_OBJC_ROOT_CLASS = YES_ERROR;
				CLANG_WARN_SUSPICIOUS_MOVE = YES;
				CLANG_WARN_UNREACHABLE_CODE = YES;
				CLANG_WARN__DUPLICATE_METHOD_MATCH = YES;
				"CODE_SIGN_IDENTITY[sdk=iphoneos*]" = "iPhone Developer";
				COPY_PHASE_STRIP = NO;
				DEBUG_INFORMATION_FORMAT = dwarf;
				ENABLE_STRICT_OBJC_MSGSEND = YES;
				ENABLE_TESTABILITY = YES;
				GCC_C_LANGUAGE_STANDARD = gnu99;
				GCC_DYNAMIC_NO_PIC = NO;
				GCC_NO_COMMON_BLOCKS = YES;
				GCC_OPTIMIZATION_LEVEL = 0;
				GCC_PREPROCESSOR_DEFINITIONS = (
					"DEBUG=1",
					"$(inherited)",
				);
				GCC_WARN_64_TO_32_BIT_CONVERSION = YES;
				GCC_WARN_ABOUT_RETURN_TYPE = YES_ERROR;
				GCC_WARN_UNDECLARED_SELECTOR = YES;
				GCC_WARN_UNINITIALIZED_AUTOS = YES_AGGRESSIVE;
				GCC_WARN_UNUSED_FUNCTION = YES;
				GCC_WARN_UNUSED_VARIABLE = YES;
				IPHONEOS_DEPLOYMENT_TARGET = 10.0;
				MTL_ENABLE_DEBUG_INFO = YES;
				ONLY_ACTIVE_ARCH = YES;
				SDKROOT = iphoneos;
				SWIFT_OPTIMIZATION_LEVEL = "-Onone";
				TARGETED_DEVICE_FAMILY = "1,2";
			};
			name = Debug;
		};
		CB3B187D1CFE9E310018A914 /* Release */ = {
			isa = XCBuildConfiguration;
			buildSettings = {
				ALWAYS_SEARCH_USER_PATHS = NO;
				CLANG_ANALYZER_NONNULL = YES;
				CLANG_CXX_LANGUAGE_STANDARD = "gnu++0x";
				CLANG_CXX_LIBRARY = "libc++";
				CLANG_ENABLE_MODULES = YES;
				CLANG_ENABLE_OBJC_ARC = YES;
				CLANG_WARN_BOOL_CONVERSION = YES;
				CLANG_WARN_CONSTANT_CONVERSION = YES;
				CLANG_WARN_DIRECT_OBJC_ISA_USAGE = YES_ERROR;
				CLANG_WARN_EMPTY_BODY = YES;
				CLANG_WARN_ENUM_CONVERSION = YES;
				CLANG_WARN_INFINITE_RECURSION = YES;
				CLANG_WARN_INT_CONVERSION = YES;
				CLANG_WARN_OBJC_ROOT_CLASS = YES_ERROR;
				CLANG_WARN_SUSPICIOUS_MOVE = YES;
				CLANG_WARN_UNREACHABLE_CODE = YES;
				CLANG_WARN__DUPLICATE_METHOD_MATCH = YES;
				"CODE_SIGN_IDENTITY[sdk=iphoneos*]" = "iPhone Developer";
				COPY_PHASE_STRIP = NO;
				DEBUG_INFORMATION_FORMAT = "dwarf-with-dsym";
				ENABLE_NS_ASSERTIONS = NO;
				ENABLE_STRICT_OBJC_MSGSEND = YES;
				GCC_C_LANGUAGE_STANDARD = gnu99;
				GCC_NO_COMMON_BLOCKS = YES;
				GCC_WARN_64_TO_32_BIT_CONVERSION = YES;
				GCC_WARN_ABOUT_RETURN_TYPE = YES_ERROR;
				GCC_WARN_UNDECLARED_SELECTOR = YES;
				GCC_WARN_UNINITIALIZED_AUTOS = YES_AGGRESSIVE;
				GCC_WARN_UNUSED_FUNCTION = YES;
				GCC_WARN_UNUSED_VARIABLE = YES;
				IPHONEOS_DEPLOYMENT_TARGET = 10.0;
				MTL_ENABLE_DEBUG_INFO = NO;
				SDKROOT = iphoneos;
				SWIFT_OPTIMIZATION_LEVEL = "-Owholemodule";
				TARGETED_DEVICE_FAMILY = "1,2";
				VALIDATE_PRODUCT = YES;
			};
			name = Release;
		};
		CB3B187F1CFE9E310018A914 /* Debug */ = {
			isa = XCBuildConfiguration;
			buildSettings = {
				ASSETCATALOG_COMPILER_APPICON_NAME = AppIcon;
				INFOPLIST_FILE = BlockInSwift/Info.plist;
				LD_RUNPATH_SEARCH_PATHS = "$(inherited) @executable_path/Frameworks";
				PRODUCT_BUNDLE_IDENTIFIER = com.nvt.BlockInSwift;
				PRODUCT_NAME = "$(TARGET_NAME)";
				SWIFT_VERSION = 3.0;
			};
			name = Debug;
		};
		CB3B18801CFE9E310018A914 /* Release */ = {
			isa = XCBuildConfiguration;
			buildSettings = {
				ASSETCATALOG_COMPILER_APPICON_NAME = AppIcon;
				INFOPLIST_FILE = BlockInSwift/Info.plist;
				LD_RUNPATH_SEARCH_PATHS = "$(inherited) @executable_path/Frameworks";
				PRODUCT_BUNDLE_IDENTIFIER = com.nvt.BlockInSwift;
				PRODUCT_NAME = "$(TARGET_NAME)";
				SWIFT_VERSION = 3.0;
			};
			name = Release;
		};
/* End XCBuildConfiguration section */

/* Begin XCConfigurationList section */
		CB3B18671CFE9E310018A914 /* Build configuration list for PBXProject "BlockInSwift" */ = {
			isa = XCConfigurationList;
			buildConfigurations = (
				CB3B187C1CFE9E310018A914 /* Debug */,
				CB3B187D1CFE9E310018A914 /* Release */,
			);
			defaultConfigurationIsVisible = 0;
			defaultConfigurationName = Release;
		};
		CB3B187E1CFE9E310018A914 /* Build configuration list for PBXNativeTarget "BlockInSwift" */ = {
			isa = XCConfigurationList;
			buildConfigurations = (
				CB3B187F1CFE9E310018A914 /* Debug */,
				CB3B18801CFE9E310018A914 /* Release */,
			);
			defaultConfigurationIsVisible = 0;
			defaultConfigurationName = Release;
		};
/* End XCConfigurationList section */
	};
	rootObject = CB3B18641CFE9E310018A914 /* Project object */;
}
