// !$*UTF8*$!
{
	archiveVersion = 1;
	classes = {
	};
	objectVersion = 46;
	objects = {

/* Begin PBXBuildFile section */
		CB126EDE1CFD36CE00920A84 /* AppDelegate.swift in Sources */ = {isa = PBXBuildFile; fileRef = CB126EDD1CFD36CE00920A84 /* AppDelegate.swift */; };
		CB126EE01CFD36CE00920A84 /* ViewController.swift in Sources */ = {isa = PBXBuildFile; fileRef = CB126EDF1CFD36CE00920A84 /* ViewController.swift */; };
		CB126EE31CFD36CE00920A84 /* Main.storyboard in Resources */ = {isa = PBXBuildFile; fileRef = CB126EE11CFD36CE00920A84 /* Main.storyboard */; };
		CB126EE51CFD36CE00920A84 /* Assets.xcassets in Resources */ = {isa = PBXBuildFile; fileRef = CB126EE41CFD36CE00920A84 /* Assets.xcassets */; };
		CB126EE81CFD36CE00920A84 /* LaunchScreen.storyboard in Resources */ = {isa = PBXBuildFile; fileRef = CB126EE61CFD36CE00920A84 /* LaunchScreen.storyboard */; };
		CB126EF31CFD3C1100920A84 /* item2.png in Resources */ = {isa = PBXBuildFile; fileRef = CB126EF01CFD3C1100920A84 /* item2.png */; };
		CB126EF41CFD3C1100920A84 /* item1.png in Resources */ = {isa = PBXBuildFile; fileRef = CB126EF11CFD3C1100920A84 /* item1.png */; };
		CB126EF51CFD3C1100920A84 /* item3.png in Resources */ = {isa = PBXBuildFile; fileRef = CB126EF21CFD3C1100920A84 /* item3.png */; };
		CB126EF71CFD3D1200920A84 /* select.png in Resources */ = {isa = PBXBuildFile; fileRef = CB126EF61CFD3D1200920A84 /* select.png */; };
		CB126EFF1CFD462B00920A84 /* imageMask.png in Resources */ = {isa = PBXBuildFile; fileRef = CB126EFE1CFD462B00920A84 /* imageMask.png */; };
		CB126F011CFD4D7900920A84 /* itemMask.png in Resources */ = {isa = PBXBuildFile; fileRef = CB126F001CFD4D7900920A84 /* itemMask.png */; };
/* End PBXBuildFile section */

/* Begin PBXFileReference section */
		CB126EDA1CFD36CE00920A84 /* NavigationBarAndTabBar.app */ = {isa = PBXFileReference; explicitFileType = wrapper.application; includeInIndex = 0; path = NavigationBarAndTabBar.app; sourceTree = BUILT_PRODUCTS_DIR; };
		CB126EDD1CFD36CE00920A84 /* AppDelegate.swift */ = {isa = PBXFileReference; lastKnownFileType = sourcecode.swift; path = AppDelegate.swift; sourceTree = "<group>"; };
		CB126EDF1CFD36CE00920A84 /* ViewController.swift */ = {isa = PBXFileReference; lastKnownFileType = sourcecode.swift; path = ViewController.swift; sourceTree = "<group>"; };
		CB126EE21CFD36CE00920A84 /* Base */ = {isa = PBXFileReference; lastKnownFileType = file.storyboard; name = Base; path = Base.lproj/Main.storyboard; sourceTree = "<group>"; };
		CB126EE41CFD36CE00920A84 /* Assets.xcassets */ = {isa = PBXFileReference; lastKnownFileType = folder.assetcatalog; path = Assets.xcassets; sourceTree = "<group>"; };
		CB126EE71CFD36CE00920A84 /* Base */ = {isa = PBXFileReference; lastKnownFileType = file.storyboard; name = Base; path = Base.lproj/LaunchScreen.storyboard; sourceTree = "<group>"; };
		CB126EE91CFD36CE00920A84 /* Info.plist */ = {isa = PBXFileReference; lastKnownFileType = text.plist.xml; path = Info.plist; sourceTree = "<group>"; };
		CB126EF01CFD3C1100920A84 /* item2.png */ = {isa = PBXFileReference; lastKnownFileType = image.png; path = item2.png; sourceTree = "<group>"; };
		CB126EF11CFD3C1100920A84 /* item1.png */ = {isa = PBXFileReference; lastKnownFileType = image.png; path = item1.png; sourceTree = "<group>"; };
		CB126EF21CFD3C1100920A84 /* item3.png */ = {isa = PBXFileReference; lastKnownFileType = image.png; path = item3.png; sourceTree = "<group>"; };
		CB126EF61CFD3D1200920A84 /* select.png */ = {isa = PBXFileReference; lastKnownFileType = image.png; path = select.png; sourceTree = "<group>"; };
		CB126EFE1CFD462B00920A84 /* imageMask.png */ = {isa = PBXFileReference; lastKnownFileType = image.png; path = imageMask.png; sourceTree = "<group>"; };
		CB126F001CFD4D7900920A84 /* itemMask.png */ = {isa = PBXFileReference; lastKnownFileType = image.png; path = itemMask.png; sourceTree = "<group>"; };
/* End PBXFileReference section */

/* Begin PBXFrameworksBuildPhase section */
		CB126ED71CFD36CE00920A84 /* Frameworks */ = {
			isa = PBXFrameworksBuildPhase;
			buildActionMask = 2147483647;
			files = (
			);
			runOnlyForDeploymentPostprocessing = 0;
		};
/* End PBXFrameworksBuildPhase section */

/* Begin PBXGroup section */
		CB126ED11CFD36CE00920A84 = {
			isa = PBXGroup;
			children = (
				CB126EDC1CFD36CE00920A84 /* NavigationBarAndTabBar */,
				CB126EDB1CFD36CE00920A84 /* Products */,
			);
			sourceTree = "<group>";
		};
		CB126EDB1CFD36CE00920A84 /* Products */ = {
			isa = PBXGroup;
			children = (
				CB126EDA1CFD36CE00920A84 /* NavigationBarAndTabBar.app */,
			);
			name = Products;
			sourceTree = "<group>";
		};
		CB126EDC1CFD36CE00920A84 /* NavigationBarAndTabBar */ = {
			isa = PBXGroup;
			children = (
				CB126EEF1CFD3C0A00920A84 /* resource */,
				CB126EDD1CFD36CE00920A84 /* AppDelegate.swift */,
				CB126EDF1CFD36CE00920A84 /* ViewController.swift */,
				CB126EE11CFD36CE00920A84 /* Main.storyboard */,
				CB126EE41CFD36CE00920A84 /* Assets.xcassets */,
				CB126EE61CFD36CE00920A84 /* LaunchScreen.storyboard */,
				CB126EE91CFD36CE00920A84 /* Info.plist */,
			);
			path = NavigationBarAndTabBar;
			sourceTree = "<group>";
		};
		CB126EEF1CFD3C0A00920A84 /* resource */ = {
			isa = PBXGroup;
			children = (
				CB126EF01CFD3C1100920A84 /* item2.png */,
				CB126EF11CFD3C1100920A84 /* item1.png */,
				CB126EF21CFD3C1100920A84 /* item3.png */,
				CB126EF61CFD3D1200920A84 /* select.png */,
				CB126EFE1CFD462B00920A84 /* imageMask.png */,
				CB126F001CFD4D7900920A84 /* itemMask.png */,
			);
			name = resource;
			sourceTree = "<group>";
		};
/* End PBXGroup section */

/* Begin PBXNativeTarget section */
		CB126ED91CFD36CE00920A84 /* NavigationBarAndTabBar */ = {
			isa = PBXNativeTarget;
			buildConfigurationList = CB126EEC1CFD36CE00920A84 /* Build configuration list for PBXNativeTarget "NavigationBarAndTabBar" */;
			buildPhases = (
				CB126ED61CFD36CE00920A84 /* Sources */,
				CB126ED71CFD36CE00920A84 /* Frameworks */,
				CB126ED81CFD36CE00920A84 /* Resources */,
			);
			buildRules = (
			);
			dependencies = (
			);
			name = NavigationBarAndTabBar;
			productName = NavigationBarAndTabBar;
			productReference = CB126EDA1CFD36CE00920A84 /* NavigationBarAndTabBar.app */;
			productType = "com.apple.product-type.application";
		};
/* End PBXNativeTarget section */

/* Begin PBXProject section */
		CB126ED21CFD36CE00920A84 /* Project object */ = {
			isa = PBXProject;
			attributes = {
				LastSwiftUpdateCheck = 0730;
				LastUpgradeCheck = 0800;
				ORGANIZATIONNAME = TuNguyen;
				TargetAttributes = {
					CB126ED91CFD36CE00920A84 = {
						CreatedOnToolsVersion = 7.3;
						LastSwiftMigration = 0800;
					};
				};
			};
			buildConfigurationList = CB126ED51CFD36CE00920A84 /* Build configuration list for PBXProject "NavigationBarAndTabBar" */;
			compatibilityVersion = "Xcode 3.2";
			developmentRegion = English;
			hasScannedForEncodings = 0;
			knownRegions = (
				en,
				Base,
			);
			mainGroup = CB126ED11CFD36CE00920A84;
			productRefGroup = CB126EDB1CFD36CE00920A84 /* Products */;
			projectDirPath = "";
			projectRoot = "";
			targets = (
				CB126ED91CFD36CE00920A84 /* NavigationBarAndTabBar */,
			);
		};
/* End PBXProject section */

/* Begin PBXResourcesBuildPhase section */
		CB126ED81CFD36CE00920A84 /* Resources */ = {
			isa = PBXResourcesBuildPhase;
			buildActionMask = 2147483647;
			files = (
				CB126EE81CFD36CE00920A84 /* LaunchScreen.storyboard in Resources */,
				CB126EF31CFD3C1100920A84 /* item2.png in Resources */,
				CB126F011CFD4D7900920A84 /* itemMask.png in Resources */,
				CB126EF51CFD3C1100920A84 /* item3.png in Resources */,
				CB126EF71CFD3D1200920A84 /* select.png in Resources */,
				CB126EE51CFD36CE00920A84 /* Assets.xcassets in Resources */,
				CB126EF41CFD3C1100920A84 /* item1.png in Resources */,
				CB126EE31CFD36CE00920A84 /* Main.storyboard in Resources */,
				CB126EFF1CFD462B00920A84 /* imageMask.png in Resources */,
			);
			runOnlyForDeploymentPostprocessing = 0;
		};
/* End PBXResourcesBuildPhase section */

/* Begin PBXSourcesBuildPhase section */
		CB126ED61CFD36CE00920A84 /* Sources */ = {
			isa = PBXSourcesBuildPhase;
			buildActionMask = 2147483647;
			files = (
				CB126EE01CFD36CE00920A84 /* ViewController.swift in Sources */,
				CB126EDE1CFD36CE00920A84 /* AppDelegate.swift in Sources */,
			);
			runOnlyForDeploymentPostprocessing = 0;
		};
/* End PBXSourcesBuildPhase section */

/* Begin PBXVariantGroup section */
		CB126EE11CFD36CE00920A84 /* Main.storyboard */ = {
			isa = PBXVariantGroup;
			children = (
				CB126EE21CFD36CE00920A84 /* Base */,
			);
			name = Main.storyboard;
			sourceTree = "<group>";
		};
		CB126EE61CFD36CE00920A84 /* LaunchScreen.storyboard */ = {
			isa = PBXVariantGroup;
			children = (
				CB126EE71CFD36CE00920A84 /* Base */,
			);
			name = LaunchScreen.storyboard;
			sourceTree = "<group>";
		};
/* End PBXVariantGroup section */

/* Begin XCBuildConfiguration section */
		CB126EEA1CFD36CE00920A84 /* Debug */ = {
			isa = XCBuildConfiguration;
			buildSettings = {
				ALWAYS_SEARCH_USER_PATHS = NO;
				CLANG_ANALYZER_NONNULL = YES;
				CLANG_CXX_LANGUAGE_STANDARD = "gnu++0x";
				CLANG_CXX_LIBRARY = "libc++";
				CLANG_ENABLE_MODULES = YES;
				CLANG_ENABLE_OBJC_ARC = YES;
				CLANG_WARN_BOOL_CONVERSION = YES;
				CLANG_WARN_CONSTANT_CONVERSION = YES;
				CLANG_WARN_DIRECT_OBJC_ISA_USAGE = YES_ERROR;
				CLANG_WARN_EMPTY_BODY = YES;
				CLANG_WARN_ENUM_CONVERSION = YES;
				CLANG_WARN_INFINITE_RECURSION = YES;
				CLANG_WARN_INT_CONVERSION = YES;
				CLANG_WARN_OBJC_ROOT_CLASS = YES_ERROR;
				CLANG_WARN_SUSPICIOUS_MOVE = YES;
				CLANG_WARN_UNREACHABLE_CODE = YES;
				CLANG_WARN__DUPLICATE_METHOD_MATCH = YES;
				"CODE_SIGN_IDENTITY[sdk=iphoneos*]" = "iPhone Developer";
				COPY_PHASE_STRIP = NO;
				DEBUG_INFORMATION_FORMAT = dwarf;
				ENABLE_STRICT_OBJC_MSGSEND = YES;
				ENABLE_TESTABILITY = YES;
				GCC_C_LANGUAGE_STANDARD = gnu99;
				GCC_DYNAMIC_NO_PIC = NO;
				GCC_NO_COMMON_BLOCKS = YES;
				GCC_OPTIMIZATION_LEVEL = 0;
				GCC_PREPROCESSOR_DEFINITIONS = (
					"DEBUG=1",
					"$(inherited)",
				);
				GCC_WARN_64_TO_32_BIT_CONVERSION = YES;
				GCC_WARN_ABOUT_RETURN_TYPE = YES_ERROR;
				GCC_WARN_UNDECLARED_SELECTOR = YES;
				GCC_WARN_UNINITIALIZED_AUTOS = YES_AGGRESSIVE;
				GCC_WARN_UNUSED_FUNCTION = YES;
				GCC_WARN_UNUSED_VARIABLE = YES;
				IPHONEOS_DEPLOYMENT_TARGET = 10.0;
				MTL_ENABLE_DEBUG_INFO = YES;
				ONLY_ACTIVE_ARCH = YES;
				SDKROOT = iphoneos;
				SWIFT_OPTIMIZATION_LEVEL = "-Onone";
				TARGETED_DEVICE_FAMILY = "1,2";
			};
			name = Debug;
		};
		CB126EEB1CFD36CE00920A84 /* Release */ = {
			isa = XCBuildConfiguration;
			buildSettings = {
				ALWAYS_SEARCH_USER_PATHS = NO;
				CLANG_ANALYZER_NONNULL = YES;
				CLANG_CXX_LANGUAGE_STANDARD = "gnu++0x";
				CLANG_CXX_LIBRARY = "libc++";
				CLANG_ENABLE_MODULES = YES;
				CLANG_ENABLE_OBJC_ARC = YES;
				CLANG_WARN_BOOL_CONVERSION = YES;
				CLANG_WARN_CONSTANT_CONVERSION = YES;
				CLANG_WARN_DIRECT_OBJC_ISA_USAGE = YES_ERROR;
				CLANG_WARN_EMPTY_BODY = YES;
				CLANG_WARN_ENUM_CONVERSION = YES;
				CLANG_WARN_INFINITE_RECURSION = YES;
				CLANG_WARN_INT_CONVERSION = YES;
				CLANG_WARN_OBJC_ROOT_CLASS = YES_ERROR;
				CLANG_WARN_SUSPICIOUS_MOVE = YES;
				CLANG_WARN_UNREACHABLE_CODE = YES;
				CLANG_WARN__DUPLICATE_METHOD_MATCH = YES;
				"CODE_SIGN_IDENTITY[sdk=iphoneos*]" = "iPhone Developer";
				COPY_PHASE_STRIP = NO;
				DEBUG_INFORMATION_FORMAT = "dwarf-with-dsym";
				ENABLE_NS_ASSERTIONS = NO;
				ENABLE_STRICT_OBJC_MSGSEND = YES;
				GCC_C_LANGUAGE_STANDARD = gnu99;
				GCC_NO_COMMON_BLOCKS = YES;
				GCC_WARN_64_TO_32_BIT_CONVERSION = YES;
				GCC_WARN_ABOUT_RETURN_TYPE = YES_ERROR;
				GCC_WARN_UNDECLARED_SELECTOR = YES;
				GCC_WARN_UNINITIALIZED_AUTOS = YES_AGGRESSIVE;
				GCC_WARN_UNUSED_FUNCTION = YES;
				GCC_WARN_UNUSED_VARIABLE = YES;
				IPHONEOS_DEPLOYMENT_TARGET = 10.0;
				MTL_ENABLE_DEBUG_INFO = NO;
				SDKROOT = iphoneos;
				SWIFT_OPTIMIZATION_LEVEL = "-Owholemodule";
				TARGETED_DEVICE_FAMILY = "1,2";
				VALIDATE_PRODUCT = YES;
			};
			name = Release;
		};
		CB126EED1CFD36CE00920A84 /* Debug */ = {
			isa = XCBuildConfiguration;
			buildSettings = {
				ASSETCATALOG_COMPILER_APPICON_NAME = AppIcon;
				INFOPLIST_FILE = NavigationBarAndTabBar/Info.plist;
				LD_RUNPATH_SEARCH_PATHS = "$(inherited) @executable_path/Frameworks";
				PRODUCT_BUNDLE_IDENTIFIER = com.nvt.NavigationBarAndTabBar;
				PRODUCT_NAME = "$(TARGET_NAME)";
				SWIFT_VERSION = 3.0;
			};
			name = Debug;
		};
		CB126EEE1CFD36CE00920A84 /* Release */ = {
			isa = XCBuildConfiguration;
			buildSettings = {
				ASSETCATALOG_COMPILER_APPICON_NAME = AppIcon;
				INFOPLIST_FILE = NavigationBarAndTabBar/Info.plist;
				LD_RUNPATH_SEARCH_PATHS = "$(inherited) @executable_path/Frameworks";
				PRODUCT_BUNDLE_IDENTIFIER = com.nvt.NavigationBarAndTabBar;
				PRODUCT_NAME = "$(TARGET_NAME)";
				SWIFT_VERSION = 3.0;
			};
			name = Release;
		};
/* End XCBuildConfiguration section */

/* Begin XCConfigurationList section */
		CB126ED51CFD36CE00920A84 /* Build configuration list for PBXProject "NavigationBarAndTabBar" */ = {
			isa = XCConfigurationList;
			buildConfigurations = (
				CB126EEA1CFD36CE00920A84 /* Debug */,
				CB126EEB1CFD36CE00920A84 /* Release */,
			);
			defaultConfigurationIsVisible = 0;
			defaultConfigurationName = Release;
		};
		CB126EEC1CFD36CE00920A84 /* Build configuration list for PBXNativeTarget "NavigationBarAndTabBar" */ = {
			isa = XCConfigurationList;
			buildConfigurations = (
				CB126EED1CFD36CE00920A84 /* Debug */,
				CB126EEE1CFD36CE00920A84 /* Release */,
			);
			defaultConfigurationIsVisible = 0;
			defaultConfigurationName = Release;
		};
/* End XCConfigurationList section */
	};
	rootObject = CB126ED21CFD36CE00920A84 /* Project object */;
}
